
Microsoft Visual Studio Solution File, Format Version 12.00
# Visual Studio Version 17
VisualStudioVersion = 17.10.35122.118
MinimumVisualStudioVersion = 10.0.40219.1
Project("{FAE04EC0-301F-11D3-BF4B-00C04F79EFBC}") = "SimpleArray", "SimpleArray.csproj", "{FDBA7DC9-CA34-44E5-BDF1-1A2A75363CCC}"
EndProject
Global
	GlobalSection(SolutionConfigurationPlatforms) = preSolution
		Debug|Any CPU = Debug|Any CPU
		Release|Any CPU = Release|Any CPU
	EndGlobalSection
	GlobalSection(ProjectConfigurationPlatforms) = postSolution
		{FDBA7DC9-CA34-44E5-BDF1-1A2A75363CCC}.Debug|Any CPU.ActiveCfg = Debug|Any CPU
		{FDBA7DC9-CA34-44E5-BDF1-1A2A75363CCC}.Debug|Any CPU.Build.0 = Debug|Any CPU
		{FDBA7DC9-CA34-44E5-BDF1-1A2A75363CCC}.Release|Any CPU.ActiveCfg = Release|Any CPU
		{FDBA7DC9-CA34-44E5-BDF1-1A2A75363CCC}.Release|Any CPU.Build.0 = Release|Any CPU
	EndGlobalSection
	GlobalSection(SolutionProperties) = preSolution
		HideSolutionNode = FALSE
	EndGlobalSection
	GlobalSection(ExtensibilityGlobals) = postSolution
		SolutionGuid = {34C87BBE-3146-407D-B732-6395A3669CD2}
	EndGlobalSection
EndGlobal
